PODS:
  - Alamofire (3.2.0)
  - Crashlytics (3.7.0):
    - Fabric (~> 1.6.3)
  - Fabric (1.6.6)
  - GoogleAnalytics (3.14.0)
  - iRate (1.11.4)

DEPENDENCIES:
  - Alamofire
  - Crashlytics
  - Fabric
  - GoogleAnalytics
  - iRate

SPEC CHECKSUMS:
  Alamofire: 4da478599fccddff361205c8929333d7fe18dceb
  Crashlytics: c3a2333dea9e2733d2777f730910321fc9e25c0d
  Fabric: 1abc1e59f11fa39ede6f690ef7309d8563e3ec59
  GoogleAnalytics: 9be1afdb8deeac4bb5f13ca7f7d3b9db2a1f43dc
  iRate: 599ed07c854e0695f3c605d1b2a64c67d912acb7

PODFILE CHECKSUM: 1610cebdeff4a907a2b79af1437cbd63952fdf1a

COCOAPODS: 1.0.0.beta.4
