PODS:
  - PromiseKit (6.2.0):
    - PromiseKit/CorePromise (= 6.2.0)
    - PromiseKit/Foundation (= 6.2.0)
    - PromiseKit/UIKit (= 6.2.0)
  - PromiseKit/CorePromise (6.2.0)
  - PromiseKit/Foundation (6.2.0):
    - PromiseKit/CorePromise
  - PromiseKit/UIKit (6.2.0):
    - PromiseKit/CorePromise

DEPENDENCIES:
  - PromiseKit

SPEC CHECKSUMS:
  PromiseKit: ea9a155e1fd98a926ccfaf633c0fbd69851f0e7b

PODFILE CHECKSUM: 60e7d0ae744edcdd5f8cb6fc71ad854006ef0c73

COCOAPODS: 1.4.0
