PODS:
  - Bit2Common (0.2.1):
    - Bit2Common/AdvancedOperation (= 0.2.1)
    - Bit2Common/CoreData (= 0.2.1)
    - Bit2Common/CoreDataOperation (= 0.2.1)
    - Bit2Common/URLSessionDataTaskOperation (= 0.2.1)
  - Bit2Common/AdvancedOperation (0.2.1)
  - Bit2Common/CoreData (0.2.1)
  - Bit2Common/CoreDataOperation (0.2.1):
    - Bit2Common/AdvancedOperation (~> 0.2.0)
    - Bit2Common/CoreData (~> 0.2.0)
  - Bit2Common/URLSessionDataTaskOperation (0.2.1):
    - Bit2Common/AdvancedOperation (~> 0.2.0)

DEPENDENCIES:
  - Bit2Common

SPEC CHECKSUMS:
  Bit2Common: bf4489a21b625c764993e6da8d2bf31022cf458d

PODFILE CHECKSUM: 7af6e1f6e18f1a75dd295e6b5389529d8afb7797

COCOAPODS: 1.4.0.beta.2
