// !$*UTF8*$!
{
	archiveVersion = 1;
	classes = {
	};
	objectVersion = 48;
	objects = {

/* Begin PBXBuildFile section */
		2CE701CA8BF4961627A76F14 /* Pods_RUappShared_iOS.framework in Frameworks */ = {isa = PBXBuildFile; fileRef = 38ECA9B357B40BFE66D26362 /* Pods_RUappShared_iOS.framework */; };
		4B0605EA1F69B715000ACE59 /* AppDelegate.swift in Sources */ = {isa = PBXBuildFile; fileRef = 4B0605E91F69B715000ACE59 /* AppDelegate.swift */; };
		4B0605EF1F69B715000ACE59 /* Main.storyboard in Resources */ = {isa = PBXBuildFile; fileRef = 4B0605ED1F69B715000ACE59 /* Main.storyboard */; };
		4B0605F11F69B715000ACE59 /* Assets.xcassets in Resources */ = {isa = PBXBuildFile; fileRef = 4B0605F01F69B715000ACE59 /* Assets.xcassets */; };
		4B0605F41F69B715000ACE59 /* LaunchScreen.storyboard in Resources */ = {isa = PBXBuildFile; fileRef = 4B0605F21F69B715000ACE59 /* LaunchScreen.storyboard */; };
		4B0606051F69B778000ACE59 /* RUappShared.framework in Frameworks */ = {isa = PBXBuildFile; fileRef = 4B0605FE1F69B778000ACE59 /* RUappShared.framework */; };
		4B0606061F69B778000ACE59 /* RUappShared.framework in Embed Frameworks */ = {isa = PBXBuildFile; fileRef = 4B0605FE1F69B778000ACE59 /* RUappShared.framework */; settings = {ATTRIBUTES = (CodeSignOnCopy, RemoveHeadersOnCopy, ); }; };
		4B0BC4761F6D7F2100A13F61 /* MenuController.swift in Sources */ = {isa = PBXBuildFile; fileRef = 4B0BC4751F6D7F2100A13F61 /* MenuController.swift */; };
		4B0BC4781F6D7F6F00A13F61 /* Color.swift in Sources */ = {isa = PBXBuildFile; fileRef = 4B0BC4771F6D7F6F00A13F61 /* Color.swift */; };
		4B0BC47A1F6D891200A13F61 /* Font.swift in Sources */ = {isa = PBXBuildFile; fileRef = 4B0BC4791F6D891200A13F61 /* Font.swift */; };
		4B0BC4831F6D8E7F00A13F61 /* Dosis-Light.otf in Resources */ = {isa = PBXBuildFile; fileRef = 4B0BC47C1F6D8E7200A13F61 /* Dosis-Light.otf */; };
		4B0BC4841F6D8E7F00A13F61 /* Dosis-Medium.otf in Resources */ = {isa = PBXBuildFile; fileRef = 4B0BC47D1F6D8E7200A13F61 /* Dosis-Medium.otf */; };
		4B0BC4851F6D8E7F00A13F61 /* Dosis-ExtraLight.otf in Resources */ = {isa = PBXBuildFile; fileRef = 4B0BC47E1F6D8E7200A13F61 /* Dosis-ExtraLight.otf */; };
		4B0BC4861F6D8E7F00A13F61 /* Dosis-ExtraBold.otf in Resources */ = {isa = PBXBuildFile; fileRef = 4B0BC47F1F6D8E7200A13F61 /* Dosis-ExtraBold.otf */; };
		4B0BC4871F6D8E7F00A13F61 /* Dosis-SemiBold.otf in Resources */ = {isa = PBXBuildFile; fileRef = 4B0BC4801F6D8E7200A13F61 /* Dosis-SemiBold.otf */; };
		4B0BC4881F6D8E7F00A13F61 /* Dosis-Bold.otf in Resources */ = {isa = PBXBuildFile; fileRef = 4B0BC4811F6D8E7200A13F61 /* Dosis-Bold.otf */; };
		4B0BC4891F6D8E7F00A13F61 /* Dosis-Book.otf in Resources */ = {isa = PBXBuildFile; fileRef = 4B0BC4821F6D8E7200A13F61 /* Dosis-Book.otf */; };
		4B0CFB371F69BE800069C42B /* Menu.json in Resources */ = {isa = PBXBuildFile; fileRef = 4B0CFB361F69BE750069C42B /* Menu.json */; };
		4B0CFB3E1F69CB8C0069C42B /* Institution.json in Resources */ = {isa = PBXBuildFile; fileRef = 4B0CFB3D1F69CB890069C42B /* Institution.json */; };
		4B0CFB401F69CD050069C42B /* RegisterStudent.json in Resources */ = {isa = PBXBuildFile; fileRef = 4B0CFB3F1F69CCF60069C42B /* RegisterStudent.json */; };
		4B0CFB451F69DB340069C42B /* Result.json in Resources */ = {isa = PBXBuildFile; fileRef = 4B0CFB441F69DB2A0069C42B /* Result.json */; };
		4B0CFB4B1F69E8540069C42B /* RootController.swift in Sources */ = {isa = PBXBuildFile; fileRef = 4B0CFB4A1F69E8540069C42B /* RootController.swift */; };
		4B0CFB4D1F69E9360069C42B /* Student.swift in Sources */ = {isa = PBXBuildFile; fileRef = 4B0CFB4C1F69E9360069C42B /* Student.swift */; };
		4B0CFB951F6B13BC0069C42B /* EditStudentController.swift in Sources */ = {isa = PBXBuildFile; fileRef = 4B0CFB941F6B13BC0069C42B /* EditStudentController.swift */; };
		4B0CFB971F6B2A8F0069C42B /* URLRoute.swift in Sources */ = {isa = PBXBuildFile; fileRef = 4B0CFB961F6B2A8E0069C42B /* URLRoute.swift */; };
		4B0CFB991F6B36860069C42B /* Institution.swift in Sources */ = {isa = PBXBuildFile; fileRef = 4B0CFB981F6B36860069C42B /* Institution.swift */; };
		4B15AC0E20059949007828E4 /* RUappShared.swift in Sources */ = {isa = PBXBuildFile; fileRef = 4B15AC0D20059949007828E4 /* RUappShared.swift */; };
		4B15AC0F20059E42007828E4 /* SaveStudentOperation.swift in Sources */ = {isa = PBXBuildFile; fileRef = 4BC396FD1FB34C5100E2A930 /* SaveStudentOperation.swift */; };
		4B1BF8871FB8DF9300956CF8 /* UpdateMenuOperation.swift in Sources */ = {isa = PBXBuildFile; fileRef = 4B1BF8861FB8DF9300956CF8 /* UpdateMenuOperation.swift */; };
		4B1BF8891FB8E12B00956CF8 /* Meal.swift in Sources */ = {isa = PBXBuildFile; fileRef = 4B1BF8881FB8E12B00956CF8 /* Meal.swift */; };
		4B5D91081F76AEAC00F3B5AC /* JSON.swift in Sources */ = {isa = PBXBuildFile; fileRef = 4B5D91071F76AEAC00F3B5AC /* JSON.swift */; };
		4B656A281FE98243009A4160 /* MealCell.swift in Sources */ = {isa = PBXBuildFile; fileRef = 4B656A271FE98243009A4160 /* MealCell.swift */; };
		4B938C1B1FEAC42E00339A20 /* Model.xcdatamodeld in Sources */ = {isa = PBXBuildFile; fileRef = 4B938C191FEAC42E00339A20 /* Model.xcdatamodeld */; };
		4BAA16E51FE1FA990012323A /* Dish.swift in Sources */ = {isa = PBXBuildFile; fileRef = 4BAA16E41FE1FA990012323A /* Dish.swift */; };
		4BAA7B731F6F3D2E008B34F4 /* Campus.swift in Sources */ = {isa = PBXBuildFile; fileRef = 4BAA7B721F6F3D2E008B34F4 /* Campus.swift */; };
		4BC2F5AD1F6EB8A700F55964 /* InstitutionSelectorController.swift in Sources */ = {isa = PBXBuildFile; fileRef = 4BC2F5AC1F6EB8A700F55964 /* InstitutionSelectorController.swift */; };
		4BC2F5AF1F6EBC8300F55964 /* String+Custom.swift in Sources */ = {isa = PBXBuildFile; fileRef = 4BC2F5AE1F6EBC8300F55964 /* String+Custom.swift */; };
		4BC2F5B11F6EE53800F55964 /* RUappController.swift in Sources */ = {isa = PBXBuildFile; fileRef = 4BC2F5B01F6EE53800F55964 /* RUappController.swift */; };
		4BDBB1CC1F69BAC3007900EC /* JSONTests.swift in Sources */ = {isa = PBXBuildFile; fileRef = 4BDBB1CB1F69BAC3007900EC /* JSONTests.swift */; };
		4BDBB1CE1F69BAC3007900EC /* RUappShared.framework in Frameworks */ = {isa = PBXBuildFile; fileRef = 4B0605FE1F69B778000ACE59 /* RUappShared.framework */; };
		4BE5A3B61F6C876F00C1B260 /* Cafeteria.swift in Sources */ = {isa = PBXBuildFile; fileRef = 4BE5A3B51F6C876F00C1B260 /* Cafeteria.swift */; };
		4BF2412F1F7087B900656BCD /* CoreDataTests.swift in Sources */ = {isa = PBXBuildFile; fileRef = 4BF2412E1F7087B900656BCD /* CoreDataTests.swift */; };
		4BF241321F708F6700656BCD /* Helpers.swift in Sources */ = {isa = PBXBuildFile; fileRef = 4BF241301F708F6700656BCD /* Helpers.swift */; };
		4BFBE09E1FB27E710072287A /* UpdateInstitutionListOperation.swift in Sources */ = {isa = PBXBuildFile; fileRef = 4BFBE09D1FB27E710072287A /* UpdateInstitutionListOperation.swift */; };
		5C98B77B61C0B611DE3050B5 /* Pods_RUapp_iOS.framework in Frameworks */ = {isa = PBXBuildFile; fileRef = FED592839FAE75B205E83006 /* Pods_RUapp_iOS.framework */; };
		EA364015CE31BDC4DF781587 /* Pods_RUappSharedTests_iOS.framework in Frameworks */ = {isa = PBXBuildFile; fileRef = 2AC1CDFF065DEC2ECE6BABB1 /* Pods_RUappSharedTests_iOS.framework */; };
/* End PBXBuildFile section */

/* Begin PBXContainerItemProxy section */
		4B0606031F69B778000ACE59 /* PBXContainerItemProxy */ = {
			isa = PBXContainerItemProxy;
			containerPortal = 4B0605DC1F69B5D0000ACE59 /* Project object */;
			proxyType = 1;
			remoteGlobalIDString = 4B0605FD1F69B778000ACE59;
			remoteInfo = "RUappShared-iOS";
		};
		4BDBB1CF1F69BAC3007900EC /* PBXContainerItemProxy */ = {
			isa = PBXContainerItemProxy;
			containerPortal = 4B0605DC1F69B5D0000ACE59 /* Project object */;
			proxyType = 1;
			remoteGlobalIDString = 4B0605FD1F69B778000ACE59;
			remoteInfo = "RUappShared-iOS";
		};
/* End PBXContainerItemProxy section */

/* Begin PBXCopyFilesBuildPhase section */
		4B06060A1F69B778000ACE59 /* Embed Frameworks */ = {
			isa = PBXCopyFilesBuildPhase;
			buildActionMask = 2147483647;
			dstPath = "";
			dstSubfolderSpec = 10;
			files = (
				4B0606061F69B778000ACE59 /* RUappShared.framework in Embed Frameworks */,
			);
			name = "Embed Frameworks";
			runOnlyForDeploymentPostprocessing = 0;
		};
/* End PBXCopyFilesBuildPhase section */

/* Begin PBXFileReference section */
		1371EF462BB48C95ED3713D0 /* Pods-RUappSharedTests-iOS.debug.xcconfig */ = {isa = PBXFileReference; includeInIndex = 1; lastKnownFileType = text.xcconfig; name = "Pods-RUappSharedTests-iOS.debug.xcconfig"; path = "Pods/Target Support Files/Pods-RUappSharedTests-iOS/Pods-RUappSharedTests-iOS.debug.xcconfig"; sourceTree = "<group>"; };
		2AC1CDFF065DEC2ECE6BABB1 /* Pods_RUappSharedTests_iOS.framework */ = {isa = PBXFileReference; explicitFileType = wrapper.framework; includeInIndex = 0; path = Pods_RUappSharedTests_iOS.framework; sourceTree = BUILT_PRODUCTS_DIR; };
		38ECA9B357B40BFE66D26362 /* Pods_RUappShared_iOS.framework */ = {isa = PBXFileReference; explicitFileType = wrapper.framework; includeInIndex = 0; path = Pods_RUappShared_iOS.framework; sourceTree = BUILT_PRODUCTS_DIR; };
		426D753F2F96146900EEBF61 /* Pods-RUappSharedTests-iOS.release.xcconfig */ = {isa = PBXFileReference; includeInIndex = 1; lastKnownFileType = text.xcconfig; name = "Pods-RUappSharedTests-iOS.release.xcconfig"; path = "Pods/Target Support Files/Pods-RUappSharedTests-iOS/Pods-RUappSharedTests-iOS.release.xcconfig"; sourceTree = "<group>"; };
		4B0605E61F69B715000ACE59 /* RUapp-iOS.app */ = {isa = PBXFileReference; explicitFileType = wrapper.application; includeInIndex = 0; path = "RUapp-iOS.app"; sourceTree = BUILT_PRODUCTS_DIR; };
		4B0605E91F69B715000ACE59 /* AppDelegate.swift */ = {isa = PBXFileReference; lastKnownFileType = sourcecode.swift; path = AppDelegate.swift; sourceTree = "<group>"; };
		4B0605EE1F69B715000ACE59 /* Base */ = {isa = PBXFileReference; lastKnownFileType = file.storyboard; name = Base; path = Base.lproj/Main.storyboard; sourceTree = "<group>"; };
		4B0605F01F69B715000ACE59 /* Assets.xcassets */ = {isa = PBXFileReference; lastKnownFileType = folder.assetcatalog; path = Assets.xcassets; sourceTree = "<group>"; };
		4B0605F31F69B715000ACE59 /* Base */ = {isa = PBXFileReference; lastKnownFileType = file.storyboard; name = Base; path = Base.lproj/LaunchScreen.storyboard; sourceTree = "<group>"; };
		4B0605F51F69B715000ACE59 /* Info.plist */ = {isa = PBXFileReference; lastKnownFileType = text.plist.xml; path = Info.plist; sourceTree = "<group>"; };
		4B0605FE1F69B778000ACE59 /* RUappShared.framework */ = {isa = PBXFileReference; explicitFileType = wrapper.framework; includeInIndex = 0; path = RUappShared.framework; sourceTree = BUILT_PRODUCTS_DIR; };
		4B0606011F69B778000ACE59 /* Info.plist */ = {isa = PBXFileReference; lastKnownFileType = text.plist.xml; path = Info.plist; sourceTree = "<group>"; };
		4B0BC4751F6D7F2100A13F61 /* MenuController.swift */ = {isa = PBXFileReference; lastKnownFileType = sourcecode.swift; path = MenuController.swift; sourceTree = "<group>"; };
		4B0BC4771F6D7F6F00A13F61 /* Color.swift */ = {isa = PBXFileReference; lastKnownFileType = sourcecode.swift; path = Color.swift; sourceTree = "<group>"; };
		4B0BC4791F6D891200A13F61 /* Font.swift */ = {isa = PBXFileReference; lastKnownFileType = sourcecode.swift; path = Font.swift; sourceTree = "<group>"; };
		4B0BC47C1F6D8E7200A13F61 /* Dosis-Light.otf */ = {isa = PBXFileReference; lastKnownFileType = file; path = "Dosis-Light.otf"; sourceTree = "<group>"; };
		4B0BC47D1F6D8E7200A13F61 /* Dosis-Medium.otf */ = {isa = PBXFileReference; lastKnownFileType = file; path = "Dosis-Medium.otf"; sourceTree = "<group>"; };
		4B0BC47E1F6D8E7200A13F61 /* Dosis-ExtraLight.otf */ = {isa = PBXFileReference; lastKnownFileType = file; path = "Dosis-ExtraLight.otf"; sourceTree = "<group>"; };
		4B0BC47F1F6D8E7200A13F61 /* Dosis-ExtraBold.otf */ = {isa = PBXFileReference; lastKnownFileType = file; path = "Dosis-ExtraBold.otf"; sourceTree = "<group>"; };
		4B0BC4801F6D8E7200A13F61 /* Dosis-SemiBold.otf */ = {isa = PBXFileReference; lastKnownFileType = file; path = "Dosis-SemiBold.otf"; sourceTree = "<group>"; };
		4B0BC4811F6D8E7200A13F61 /* Dosis-Bold.otf */ = {isa = PBXFileReference; lastKnownFileType = file; path = "Dosis-Bold.otf"; sourceTree = "<group>"; };
		4B0BC4821F6D8E7200A13F61 /* Dosis-Book.otf */ = {isa = PBXFileReference; lastKnownFileType = file; path = "Dosis-Book.otf"; sourceTree = "<group>"; };
		4B0CFB361F69BE750069C42B /* Menu.json */ = {isa = PBXFileReference; lastKnownFileType = text.json; path = Menu.json; sourceTree = "<group>"; };
		4B0CFB3D1F69CB890069C42B /* Institution.json */ = {isa = PBXFileReference; lastKnownFileType = text.json; path = Institution.json; sourceTree = "<group>"; };
		4B0CFB3F1F69CCF60069C42B /* RegisterStudent.json */ = {isa = PBXFileReference; lastKnownFileType = text.json; path = RegisterStudent.json; sourceTree = "<group>"; };
		4B0CFB441F69DB2A0069C42B /* Result.json */ = {isa = PBXFileReference; lastKnownFileType = text.json; path = Result.json; sourceTree = "<group>"; };
		4B0CFB4A1F69E8540069C42B /* RootController.swift */ = {isa = PBXFileReference; lastKnownFileType = sourcecode.swift; path = RootController.swift; sourceTree = "<group>"; };
		4B0CFB4C1F69E9360069C42B /* Student.swift */ = {isa = PBXFileReference; lastKnownFileType = sourcecode.swift; path = Student.swift; sourceTree = "<group>"; };
		4B0CFB501F69EAF80069C42B /* RUapp-iOS.entitlements */ = {isa = PBXFileReference; lastKnownFileType = text.plist.entitlements; path = "RUapp-iOS.entitlements"; sourceTree = "<group>"; };
		4B0CFB941F6B13BC0069C42B /* EditStudentController.swift */ = {isa = PBXFileReference; lastKnownFileType = sourcecode.swift; path = EditStudentController.swift; sourceTree = "<group>"; };
		4B0CFB961F6B2A8E0069C42B /* URLRoute.swift */ = {isa = PBXFileReference; lastKnownFileType = sourcecode.swift; path = URLRoute.swift; sourceTree = "<group>"; };
		4B0CFB981F6B36860069C42B /* Institution.swift */ = {isa = PBXFileReference; lastKnownFileType = sourcecode.swift; path = Institution.swift; sourceTree = "<group>"; };
		4B15AC0D20059949007828E4 /* RUappShared.swift */ = {isa = PBXFileReference; lastKnownFileType = sourcecode.swift; path = RUappShared.swift; sourceTree = "<group>"; };
		4B1BF8861FB8DF9300956CF8 /* UpdateMenuOperation.swift */ = {isa = PBXFileReference; lastKnownFileType = sourcecode.swift; path = UpdateMenuOperation.swift; sourceTree = "<group>"; };
		4B1BF8881FB8E12B00956CF8 /* Meal.swift */ = {isa = PBXFileReference; lastKnownFileType = sourcecode.swift; path = Meal.swift; sourceTree = "<group>"; };
		4B5D91071F76AEAC00F3B5AC /* JSON.swift */ = {isa = PBXFileReference; lastKnownFileType = sourcecode.swift; path = JSON.swift; sourceTree = "<group>"; };
		4B656A271FE98243009A4160 /* MealCell.swift */ = {isa = PBXFileReference; lastKnownFileType = sourcecode.swift; path = MealCell.swift; sourceTree = "<group>"; };
		4B938C1A1FEAC42E00339A20 /* Model.xcdatamodel */ = {isa = PBXFileReference; lastKnownFileType = wrapper.xcdatamodel; path = Model.xcdatamodel; sourceTree = "<group>"; };
		4BAA16E41FE1FA990012323A /* Dish.swift */ = {isa = PBXFileReference; lastKnownFileType = sourcecode.swift; path = Dish.swift; sourceTree = "<group>"; };
		4BAA7B721F6F3D2E008B34F4 /* Campus.swift */ = {isa = PBXFileReference; lastKnownFileType = sourcecode.swift; path = Campus.swift; sourceTree = "<group>"; };
		4BC2F5AC1F6EB8A700F55964 /* InstitutionSelectorController.swift */ = {isa = PBXFileReference; lastKnownFileType = sourcecode.swift; path = InstitutionSelectorController.swift; sourceTree = "<group>"; };
		4BC2F5AE1F6EBC8300F55964 /* String+Custom.swift */ = {isa = PBXFileReference; lastKnownFileType = sourcecode.swift; path = "String+Custom.swift"; sourceTree = "<group>"; };
		4BC2F5B01F6EE53800F55964 /* RUappController.swift */ = {isa = PBXFileReference; lastKnownFileType = sourcecode.swift; path = RUappController.swift; sourceTree = "<group>"; };
		4BC396FD1FB34C5100E2A930 /* SaveStudentOperation.swift */ = {isa = PBXFileReference; lastKnownFileType = sourcecode.swift; path = SaveStudentOperation.swift; sourceTree = "<group>"; };
		4BCFF74D1FB4FAB100F275B3 /* README.md */ = {isa = PBXFileReference; lastKnownFileType = net.daringfireball.markdown; path = README.md; sourceTree = "<group>"; };
		4BDBB1C91F69BAC3007900EC /* RUappSharedTests-iOS.xctest */ = {isa = PBXFileReference; explicitFileType = wrapper.cfbundle; includeInIndex = 0; path = "RUappSharedTests-iOS.xctest"; sourceTree = BUILT_PRODUCTS_DIR; };
		4BDBB1CB1F69BAC3007900EC /* JSONTests.swift */ = {isa = PBXFileReference; lastKnownFileType = sourcecode.swift; path = JSONTests.swift; sourceTree = "<group>"; };
		4BDBB1CD1F69BAC3007900EC /* Info.plist */ = {isa = PBXFileReference; lastKnownFileType = text.plist.xml; path = Info.plist; sourceTree = "<group>"; };
		4BE5A3B51F6C876F00C1B260 /* Cafeteria.swift */ = {isa = PBXFileReference; lastKnownFileType = sourcecode.swift; path = Cafeteria.swift; sourceTree = "<group>"; };
		4BF2412E1F7087B900656BCD /* CoreDataTests.swift */ = {isa = PBXFileReference; lastKnownFileType = sourcecode.swift; path = CoreDataTests.swift; sourceTree = "<group>"; };
		4BF241301F708F6700656BCD /* Helpers.swift */ = {isa = PBXFileReference; lastKnownFileType = sourcecode.swift; path = Helpers.swift; sourceTree = "<group>"; };
		4BFBE09D1FB27E710072287A /* UpdateInstitutionListOperation.swift */ = {isa = PBXFileReference; lastKnownFileType = sourcecode.swift; path = UpdateInstitutionListOperation.swift; sourceTree = "<group>"; };
		6F0E4C459591D803C549883F /* Pods-RUappShared-iOS.release.xcconfig */ = {isa = PBXFileReference; includeInIndex = 1; lastKnownFileType = text.xcconfig; name = "Pods-RUappShared-iOS.release.xcconfig"; path = "Pods/Target Support Files/Pods-RUappShared-iOS/Pods-RUappShared-iOS.release.xcconfig"; sourceTree = "<group>"; };
		A4822FE028DD910FF19CCA01 /* Pods-RUapp-iOS.release.xcconfig */ = {isa = PBXFileReference; includeInIndex = 1; lastKnownFileType = text.xcconfig; name = "Pods-RUapp-iOS.release.xcconfig"; path = "Pods/Target Support Files/Pods-RUapp-iOS/Pods-RUapp-iOS.release.xcconfig"; sourceTree = "<group>"; };
		CDE09779283A729797B14C3B /* Pods-RUapp-iOS.debug.xcconfig */ = {isa = PBXFileReference; includeInIndex = 1; lastKnownFileType = text.xcconfig; name = "Pods-RUapp-iOS.debug.xcconfig"; path = "Pods/Target Support Files/Pods-RUapp-iOS/Pods-RUapp-iOS.debug.xcconfig"; sourceTree = "<group>"; };
		FE4EB0F72BDFD9C67B3AB0AF /* Pods-RUappShared-iOS.debug.xcconfig */ = {isa = PBXFileReference; includeInIndex = 1; lastKnownFileType = text.xcconfig; name = "Pods-RUappShared-iOS.debug.xcconfig"; path = "Pods/Target Support Files/Pods-RUappShared-iOS/Pods-RUappShared-iOS.debug.xcconfig"; sourceTree = "<group>"; };
		FED592839FAE75B205E83006 /* Pods_RUapp_iOS.framework */ = {isa = PBXFileReference; explicitFileType = wrapper.framework; includeInIndex = 0; path = Pods_RUapp_iOS.framework; sourceTree = BUILT_PRODUCTS_DIR; };
/* End PBXFileReference section */

/* Begin PBXFrameworksBuildPhase section */
		4B0605E31F69B715000ACE59 /* Frameworks */ = {
			isa = PBXFrameworksBuildPhase;
			buildActionMask = 2147483647;
			files = (
				4B0606051F69B778000ACE59 /* RUappShared.framework in Frameworks */,
				5C98B77B61C0B611DE3050B5 /* Pods_RUapp_iOS.framework in Frameworks */,
			);
			runOnlyForDeploymentPostprocessing = 0;
		};
		4B0605FA1F69B778000ACE59 /* Frameworks */ = {
			isa = PBXFrameworksBuildPhase;
			buildActionMask = 2147483647;
			files = (
				2CE701CA8BF4961627A76F14 /* Pods_RUappShared_iOS.framework in Frameworks */,
			);
			runOnlyForDeploymentPostprocessing = 0;
		};
		4BDBB1C61F69BAC3007900EC /* Frameworks */ = {
			isa = PBXFrameworksBuildPhase;
			buildActionMask = 2147483647;
			files = (
				4BDBB1CE1F69BAC3007900EC /* RUappShared.framework in Frameworks */,
				EA364015CE31BDC4DF781587 /* Pods_RUappSharedTests_iOS.framework in Frameworks */,
			);
			runOnlyForDeploymentPostprocessing = 0;
		};
/* End PBXFrameworksBuildPhase section */

/* Begin PBXGroup section */
		4756E1D1893D6E4CD0775969 /* Pods */ = {
			isa = PBXGroup;
			children = (
				CDE09779283A729797B14C3B /* Pods-RUapp-iOS.debug.xcconfig */,
				A4822FE028DD910FF19CCA01 /* Pods-RUapp-iOS.release.xcconfig */,
				FE4EB0F72BDFD9C67B3AB0AF /* Pods-RUappShared-iOS.debug.xcconfig */,
				6F0E4C459591D803C549883F /* Pods-RUappShared-iOS.release.xcconfig */,
				1371EF462BB48C95ED3713D0 /* Pods-RUappSharedTests-iOS.debug.xcconfig */,
				426D753F2F96146900EEBF61 /* Pods-RUappSharedTests-iOS.release.xcconfig */,
			);
			name = Pods;
			sourceTree = "<group>";
		};
		4B0605DB1F69B5D0000ACE59 = {
			isa = PBXGroup;
			children = (
				4BCFF74D1FB4FAB100F275B3 /* README.md */,
				4B0605E81F69B715000ACE59 /* RUapp-iOS */,
				4B0605FF1F69B778000ACE59 /* RUappShared */,
				4BDBB1CA1F69BAC3007900EC /* RUappSharedTests */,
				4B0605E71F69B715000ACE59 /* Products */,
				4756E1D1893D6E4CD0775969 /* Pods */,
				AC13EEE052612A5DA33A3AC0 /* Frameworks */,
			);
			sourceTree = "<group>";
		};
		4B0605E71F69B715000ACE59 /* Products */ = {
			isa = PBXGroup;
			children = (
				4B0605E61F69B715000ACE59 /* RUapp-iOS.app */,
				4B0605FE1F69B778000ACE59 /* RUappShared.framework */,
				4BDBB1C91F69BAC3007900EC /* RUappSharedTests-iOS.xctest */,
			);
			name = Products;
			sourceTree = "<group>";
		};
		4B0605E81F69B715000ACE59 /* RUapp-iOS */ = {
			isa = PBXGroup;
			children = (
				4B0605ED1F69B715000ACE59 /* Main.storyboard */,
				4B0605F21F69B715000ACE59 /* LaunchScreen.storyboard */,
				4B656A261FE94059009A4160 /* Menu */,
				4B0605F51F69B715000ACE59 /* Info.plist */,
				4B0CFB4A1F69E8540069C42B /* RootController.swift */,
				4B0CFB941F6B13BC0069C42B /* EditStudentController.swift */,
				4BC2F5AC1F6EB8A700F55964 /* InstitutionSelectorController.swift */,
				4B0605E91F69B715000ACE59 /* AppDelegate.swift */,
				4BC2F5B01F6EE53800F55964 /* RUappController.swift */,
				4BC2F5AE1F6EBC8300F55964 /* String+Custom.swift */,
				4B0605F01F69B715000ACE59 /* Assets.xcassets */,
				4B0CFB501F69EAF80069C42B /* RUapp-iOS.entitlements */,
			);
			path = "RUapp-iOS";
			sourceTree = "<group>";
		};
		4B0605FF1F69B778000ACE59 /* RUappShared */ = {
			isa = PBXGroup;
			children = (
				4B15AC0D20059949007828E4 /* RUappShared.swift */,
				4BFBE09D1FB27E710072287A /* UpdateInstitutionListOperation.swift */,
				4B1BF8861FB8DF9300956CF8 /* UpdateMenuOperation.swift */,
				4B938C191FEAC42E00339A20 /* Model.xcdatamodeld */,
				4B5D91071F76AEAC00F3B5AC /* JSON.swift */,
				4B0CFB961F6B2A8E0069C42B /* URLRoute.swift */,
				4B1BF8881FB8E12B00956CF8 /* Meal.swift */,
				4B0606011F69B778000ACE59 /* Info.plist */,
				4BFBE09F1FB27F760072287A /* Model */,
				4BC396FD1FB34C5100E2A930 /* SaveStudentOperation.swift */,
				4B0BC4771F6D7F6F00A13F61 /* Color.swift */,
				4B0BC4791F6D891200A13F61 /* Font.swift */,
				4B0BC47B1F6D8E7200A13F61 /* Fonts */,
			);
			path = RUappShared;
			sourceTree = "<group>";
		};
		4B0BC47B1F6D8E7200A13F61 /* Fonts */ = {
			isa = PBXGroup;
			children = (
				4B0BC47C1F6D8E7200A13F61 /* Dosis-Light.otf */,
				4B0BC47D1F6D8E7200A13F61 /* Dosis-Medium.otf */,
				4B0BC47E1F6D8E7200A13F61 /* Dosis-ExtraLight.otf */,
				4B0BC47F1F6D8E7200A13F61 /* Dosis-ExtraBold.otf */,
				4B0BC4801F6D8E7200A13F61 /* Dosis-SemiBold.otf */,
				4B0BC4811F6D8E7200A13F61 /* Dosis-Bold.otf */,
				4B0BC4821F6D8E7200A13F61 /* Dosis-Book.otf */,
			);
			path = Fonts;
			sourceTree = "<group>";
		};
		4B0CFB381F69BE8F0069C42B /* MockData */ = {
			isa = PBXGroup;
			children = (
				4B0CFB3D1F69CB890069C42B /* Institution.json */,
				4B0CFB361F69BE750069C42B /* Menu.json */,
				4B0CFB3F1F69CCF60069C42B /* RegisterStudent.json */,
				4B0CFB441F69DB2A0069C42B /* Result.json */,
			);
			path = MockData;
			sourceTree = "<group>";
		};
		4B656A261FE94059009A4160 /* Menu */ = {
			isa = PBXGroup;
			children = (
				4B0BC4751F6D7F2100A13F61 /* MenuController.swift */,
				4B656A271FE98243009A4160 /* MealCell.swift */,
			);
			path = Menu;
			sourceTree = "<group>";
		};
		4BDBB1CA1F69BAC3007900EC /* RUappSharedTests */ = {
			isa = PBXGroup;
			children = (
				4B0CFB381F69BE8F0069C42B /* MockData */,
				4BF2412E1F7087B900656BCD /* CoreDataTests.swift */,
				4BF241301F708F6700656BCD /* Helpers.swift */,
				4BDBB1CB1F69BAC3007900EC /* JSONTests.swift */,
				4BDBB1CD1F69BAC3007900EC /* Info.plist */,
			);
			path = RUappSharedTests;
			sourceTree = "<group>";
		};
		4BFBE09F1FB27F760072287A /* Model */ = {
			isa = PBXGroup;
			children = (
				4BE5A3B51F6C876F00C1B260 /* Cafeteria.swift */,
				4BAA7B721F6F3D2E008B34F4 /* Campus.swift */,
				4BAA16E41FE1FA990012323A /* Dish.swift */,
				4B0CFB981F6B36860069C42B /* Institution.swift */,
				4B0CFB4C1F69E9360069C42B /* Student.swift */,
			);
			path = Model;
			sourceTree = "<group>";
		};
		AC13EEE052612A5DA33A3AC0 /* Frameworks */ = {
			isa = PBXGroup;
			children = (
				FED592839FAE75B205E83006 /* Pods_RUapp_iOS.framework */,
				38ECA9B357B40BFE66D26362 /* Pods_RUappShared_iOS.framework */,
				2AC1CDFF065DEC2ECE6BABB1 /* Pods_RUappSharedTests_iOS.framework */,
			);
			name = Frameworks;
			sourceTree = "<group>";
		};
/* End PBXGroup section */

/* Begin PBXHeadersBuildPhase section */
		4B0605FB1F69B778000ACE59 /* Headers */ = {
			isa = PBXHeadersBuildPhase;
			buildActionMask = 2147483647;
			files = (
			);
			runOnlyForDeploymentPostprocessing = 0;
		};
/* End PBXHeadersBuildPhase section */

/* Begin PBXNativeTarget section */
		4B0605E51F69B715000ACE59 /* RUapp-iOS */ = {
			isa = PBXNativeTarget;
			buildConfigurationList = 4B0605F81F69B715000ACE59 /* Build configuration list for PBXNativeTarget "RUapp-iOS" */;
			buildPhases = (
				4E7E5D7819D418346603C58A /* [CP] Check Pods Manifest.lock */,
				4B0605E21F69B715000ACE59 /* Sources */,
				4B0605E31F69B715000ACE59 /* Frameworks */,
				4B0605E41F69B715000ACE59 /* Resources */,
				4B06060A1F69B778000ACE59 /* Embed Frameworks */,
				8C768EF763F7F6C81FF2A69B /* [CP] Embed Pods Frameworks */,
				7DE78D4F0C14A787F3D73242 /* [CP] Copy Pods Resources */,
			);
			buildRules = (
			);
			dependencies = (
				4B0606041F69B778000ACE59 /* PBXTargetDependency */,
			);
			name = "RUapp-iOS";
			productName = "RUapp-iOS";
			productReference = 4B0605E61F69B715000ACE59 /* RUapp-iOS.app */;
			productType = "com.apple.product-type.application";
		};
		4B0605FD1F69B778000ACE59 /* RUappShared-iOS */ = {
			isa = PBXNativeTarget;
			buildConfigurationList = 4B0606071F69B778000ACE59 /* Build configuration list for PBXNativeTarget "RUappShared-iOS" */;
			buildPhases = (
				A2C14369B45A47F7E3207203 /* [CP] Check Pods Manifest.lock */,
				4B0605F91F69B778000ACE59 /* Sources */,
				4B0605FA1F69B778000ACE59 /* Frameworks */,
				4B0605FB1F69B778000ACE59 /* Headers */,
				4B0605FC1F69B778000ACE59 /* Resources */,
				F5B3ECA42A1D536C63DC1354 /* [CP] Copy Pods Resources */,
			);
			buildRules = (
			);
			dependencies = (
			);
			name = "RUappShared-iOS";
			productName = "RUappShared-iOS";
			productReference = 4B0605FE1F69B778000ACE59 /* RUappShared.framework */;
			productType = "com.apple.product-type.framework";
		};
		4BDBB1C81F69BAC3007900EC /* RUappSharedTests-iOS */ = {
			isa = PBXNativeTarget;
			buildConfigurationList = 4BDBB1D11F69BAC3007900EC /* Build configuration list for PBXNativeTarget "RUappSharedTests-iOS" */;
			buildPhases = (
				DCBBA5FC9F3BA188AA3A1F43 /* [CP] Check Pods Manifest.lock */,
				4BDBB1C51F69BAC3007900EC /* Sources */,
				4BDBB1C61F69BAC3007900EC /* Frameworks */,
				4BDBB1C71F69BAC3007900EC /* Resources */,
				5FA380C778FBEFD74F7E5463 /* [CP] Embed Pods Frameworks */,
				D045815241445A61FC28F8A2 /* [CP] Copy Pods Resources */,
			);
			buildRules = (
			);
			dependencies = (
				4BDBB1D01F69BAC3007900EC /* PBXTargetDependency */,
			);
			name = "RUappSharedTests-iOS";
			productName = "RUappSharedTests-iOS";
			productReference = 4BDBB1C91F69BAC3007900EC /* RUappSharedTests-iOS.xctest */;
			productType = "com.apple.product-type.bundle.unit-test";
		};
/* End PBXNativeTarget section */

/* Begin PBXProject section */
		4B0605DC1F69B5D0000ACE59 /* Project object */ = {
			isa = PBXProject;
			attributes = {
				LastSwiftUpdateCheck = 0900;
				LastUpgradeCheck = 0920;
				ORGANIZATIONNAME = "Bit2 Technology";
				TargetAttributes = {
					4B0605E51F69B715000ACE59 = {
						CreatedOnToolsVersion = 9.0;
						ProvisioningStyle = Automatic;
						SystemCapabilities = {
							com.apple.ApplicationGroups.iOS = {
								enabled = 1;
							};
						};
					};
					4B0605FD1F69B778000ACE59 = {
						CreatedOnToolsVersion = 9.0;
						LastSwiftMigration = 0900;
						ProvisioningStyle = Automatic;
					};
					4BDBB1C81F69BAC3007900EC = {
						CreatedOnToolsVersion = 9.0;
						ProvisioningStyle = Automatic;
					};
				};
			};
			buildConfigurationList = 4B0605DF1F69B5D0000ACE59 /* Build configuration list for PBXProject "RUapp" */;
			compatibilityVersion = "Xcode 8.0";
			developmentRegion = en;
			hasScannedForEncodings = 0;
			knownRegions = (
				en,
				Base,
			);
			mainGroup = 4B0605DB1F69B5D0000ACE59;
			productRefGroup = 4B0605E71F69B715000ACE59 /* Products */;
			projectDirPath = "";
			projectRoot = "";
			targets = (
				4B0605E51F69B715000ACE59 /* RUapp-iOS */,
				4B0605FD1F69B778000ACE59 /* RUappShared-iOS */,
				4BDBB1C81F69BAC3007900EC /* RUappSharedTests-iOS */,
			);
		};
/* End PBXProject section */

/* Begin PBXResourcesBuildPhase section */
		4B0605E41F69B715000ACE59 /* Resources */ = {
			isa = PBXResourcesBuildPhase;
			buildActionMask = 2147483647;
			files = (
				4B0605F41F69B715000ACE59 /* LaunchScreen.storyboard in Resources */,
				4B0605F11F69B715000ACE59 /* Assets.xcassets in Resources */,
				4B0605EF1F69B715000ACE59 /* Main.storyboard in Resources */,
			);
			runOnlyForDeploymentPostprocessing = 0;
		};
		4B0605FC1F69B778000ACE59 /* Resources */ = {
			isa = PBXResourcesBuildPhase;
			buildActionMask = 2147483647;
			files = (
				4B0BC4831F6D8E7F00A13F61 /* Dosis-Light.otf in Resources */,
				4B0BC4851F6D8E7F00A13F61 /* Dosis-ExtraLight.otf in Resources */,
				4B0BC4861F6D8E7F00A13F61 /* Dosis-ExtraBold.otf in Resources */,
				4B0BC4891F6D8E7F00A13F61 /* Dosis-Book.otf in Resources */,
				4B0BC4871F6D8E7F00A13F61 /* Dosis-SemiBold.otf in Resources */,
				4B0BC4841F6D8E7F00A13F61 /* Dosis-Medium.otf in Resources */,
				4B0BC4881F6D8E7F00A13F61 /* Dosis-Bold.otf in Resources */,
			);
			runOnlyForDeploymentPostprocessing = 0;
		};
		4BDBB1C71F69BAC3007900EC /* Resources */ = {
			isa = PBXResourcesBuildPhase;
			buildActionMask = 2147483647;
			files = (
				4B0CFB3E1F69CB8C0069C42B /* Institution.json in Resources */,
				4B0CFB371F69BE800069C42B /* Menu.json in Resources */,
				4B0CFB451F69DB340069C42B /* Result.json in Resources */,
				4B0CFB401F69CD050069C42B /* RegisterStudent.json in Resources */,
			);
			runOnlyForDeploymentPostprocessing = 0;
		};
/* End PBXResourcesBuildPhase section */

/* Begin PBXShellScriptBuildPhase section */
		4E7E5D7819D418346603C58A /* [CP] Check Pods Manifest.lock */ = {
			isa = PBXShellScriptBuildPhase;
			buildActionMask = 2147483647;
			files = (
			);
			inputPaths = (
				"${PODS_PODFILE_DIR_PATH}/Podfile.lock",
				"${PODS_ROOT}/Manifest.lock",
			);
			name = "[CP] Check Pods Manifest.lock";
			outputPaths = (
				"$(DERIVED_FILE_DIR)/Pods-RUapp-iOS-checkManifestLockResult.txt",
			);
			runOnlyForDeploymentPostprocessing = 0;
			shellPath = /bin/sh;
			shellScript = "diff \"${PODS_PODFILE_DIR_PATH}/Podfile.lock\" \"${PODS_ROOT}/Manifest.lock\" > /dev/null\nif [ $? != 0 ] ; then\n    # print error to STDERR\n    echo \"error: The sandbox is not in sync with the Podfile.lock. Run 'pod install' or update your CocoaPods installation.\" >&2\n    exit 1\nfi\n# This output is used by Xcode 'outputs' to avoid re-running this script phase.\necho \"SUCCESS\" > \"${SCRIPT_OUTPUT_FILE_0}\"\n";
			showEnvVarsInLog = 0;
		};
		5FA380C778FBEFD74F7E5463 /* [CP] Embed Pods Frameworks */ = {
			isa = PBXShellScriptBuildPhase;
			buildActionMask = 2147483647;
			files = (
			);
			inputPaths = (
				"${SRCROOT}/Pods/Target Support Files/Pods-RUappSharedTests-iOS/Pods-RUappSharedTests-iOS-frameworks.sh",
				"${BUILT_PRODUCTS_DIR}/Bit2Common/Bit2Common.framework",
			);
			name = "[CP] Embed Pods Frameworks";
			outputPaths = (
				"${TARGET_BUILD_DIR}/${FRAMEWORKS_FOLDER_PATH}/Bit2Common.framework",
			);
			runOnlyForDeploymentPostprocessing = 0;
			shellPath = /bin/sh;
			shellScript = "\"${SRCROOT}/Pods/Target Support Files/Pods-RUappSharedTests-iOS/Pods-RUappSharedTests-iOS-frameworks.sh\"\n";
			showEnvVarsInLog = 0;
		};
		7DE78D4F0C14A787F3D73242 /* [CP] Copy Pods Resources */ = {
			isa = PBXShellScriptBuildPhase;
			buildActionMask = 2147483647;
			files = (
			);
			inputPaths = (
			);
			name = "[CP] Copy Pods Resources";
			outputPaths = (
			);
			runOnlyForDeploymentPostprocessing = 0;
			shellPath = /bin/sh;
			shellScript = "\"${SRCROOT}/Pods/Target Support Files/Pods-RUapp-iOS/Pods-RUapp-iOS-resources.sh\"\n";
			showEnvVarsInLog = 0;
		};
		8C768EF763F7F6C81FF2A69B /* [CP] Embed Pods Frameworks */ = {
			isa = PBXShellScriptBuildPhase;
			buildActionMask = 2147483647;
			files = (
			);
			inputPaths = (
				"${SRCROOT}/Pods/Target Support Files/Pods-RUapp-iOS/Pods-RUapp-iOS-frameworks.sh",
				"${BUILT_PRODUCTS_DIR}/Bit2Common/Bit2Common.framework",
			);
			name = "[CP] Embed Pods Frameworks";
			outputPaths = (
				"${TARGET_BUILD_DIR}/${FRAMEWORKS_FOLDER_PATH}/Bit2Common.framework",
			);
			runOnlyForDeploymentPostprocessing = 0;
			shellPath = /bin/sh;
			shellScript = "\"${SRCROOT}/Pods/Target Support Files/Pods-RUapp-iOS/Pods-RUapp-iOS-frameworks.sh\"\n";
			showEnvVarsInLog = 0;
		};
		A2C14369B45A47F7E3207203 /* [CP] Check Pods Manifest.lock */ = {
			isa = PBXShellScriptBuildPhase;
			buildActionMask = 2147483647;
			files = (
			);
			inputPaths = (
				"${PODS_PODFILE_DIR_PATH}/Podfile.lock",
				"${PODS_ROOT}/Manifest.lock",
			);
			name = "[CP] Check Pods Manifest.lock";
			outputPaths = (
				"$(DERIVED_FILE_DIR)/Pods-RUappShared-iOS-checkManifestLockResult.txt",
			);
			runOnlyForDeploymentPostprocessing = 0;
			shellPath = /bin/sh;
			shellScript = "diff \"${PODS_PODFILE_DIR_PATH}/Podfile.lock\" \"${PODS_ROOT}/Manifest.lock\" > /dev/null\nif [ $? != 0 ] ; then\n    # print error to STDERR\n    echo \"error: The sandbox is not in sync with the Podfile.lock. Run 'pod install' or update your CocoaPods installation.\" >&2\n    exit 1\nfi\n# This output is used by Xcode 'outputs' to avoid re-running this script phase.\necho \"SUCCESS\" > \"${SCRIPT_OUTPUT_FILE_0}\"\n";
			showEnvVarsInLog = 0;
		};
		D045815241445A61FC28F8A2 /* [CP] Copy Pods Resources */ = {
			isa = PBXShellScriptBuildPhase;
			buildActionMask = 2147483647;
			files = (
			);
			inputPaths = (
			);
			name = "[CP] Copy Pods Resources";
			outputPaths = (
			);
			runOnlyForDeploymentPostprocessing = 0;
			shellPath = /bin/sh;
			shellScript = "\"${SRCROOT}/Pods/Target Support Files/Pods-RUappSharedTests-iOS/Pods-RUappSharedTests-iOS-resources.sh\"\n";
			showEnvVarsInLog = 0;
		};
		DCBBA5FC9F3BA188AA3A1F43 /* [CP] Check Pods Manifest.lock */ = {
			isa = PBXShellScriptBuildPhase;
			buildActionMask = 2147483647;
			files = (
			);
			inputPaths = (
				"${PODS_PODFILE_DIR_PATH}/Podfile.lock",
				"${PODS_ROOT}/Manifest.lock",
			);
			name = "[CP] Check Pods Manifest.lock";
			outputPaths = (
				"$(DERIVED_FILE_DIR)/Pods-RUappSharedTests-iOS-checkManifestLockResult.txt",
			);
			runOnlyForDeploymentPostprocessing = 0;
			shellPath = /bin/sh;
			shellScript = "diff \"${PODS_PODFILE_DIR_PATH}/Podfile.lock\" \"${PODS_ROOT}/Manifest.lock\" > /dev/null\nif [ $? != 0 ] ; then\n    # print error to STDERR\n    echo \"error: The sandbox is not in sync with the Podfile.lock. Run 'pod install' or update your CocoaPods installation.\" >&2\n    exit 1\nfi\n# This output is used by Xcode 'outputs' to avoid re-running this script phase.\necho \"SUCCESS\" > \"${SCRIPT_OUTPUT_FILE_0}\"\n";
			showEnvVarsInLog = 0;
		};
		F5B3ECA42A1D536C63DC1354 /* [CP] Copy Pods Resources */ = {
			isa = PBXShellScriptBuildPhase;
			buildActionMask = 2147483647;
			files = (
			);
			inputPaths = (
			);
			name = "[CP] Copy Pods Resources";
			outputPaths = (
			);
			runOnlyForDeploymentPostprocessing = 0;
			shellPath = /bin/sh;
			shellScript = "\"${SRCROOT}/Pods/Target Support Files/Pods-RUappShared-iOS/Pods-RUappShared-iOS-resources.sh\"\n";
			showEnvVarsInLog = 0;
		};
/* End PBXShellScriptBuildPhase section */

/* Begin PBXSourcesBuildPhase section */
		4B0605E21F69B715000ACE59 /* Sources */ = {
			isa = PBXSourcesBuildPhase;
			buildActionMask = 2147483647;
			files = (
				4B0BC4761F6D7F2100A13F61 /* MenuController.swift in Sources */,
				4B656A281FE98243009A4160 /* MealCell.swift in Sources */,
				4B0605EA1F69B715000ACE59 /* AppDelegate.swift in Sources */,
				4BC2F5B11F6EE53800F55964 /* RUappController.swift in Sources */,
				4BC2F5AD1F6EB8A700F55964 /* InstitutionSelectorController.swift in Sources */,
				4BC2F5AF1F6EBC8300F55964 /* String+Custom.swift in Sources */,
				4B0CFB4B1F69E8540069C42B /* RootController.swift in Sources */,
				4B0CFB951F6B13BC0069C42B /* EditStudentController.swift in Sources */,
			);
			runOnlyForDeploymentPostprocessing = 0;
		};
		4B0605F91F69B778000ACE59 /* Sources */ = {
			isa = PBXSourcesBuildPhase;
			buildActionMask = 2147483647;
			files = (
				4BAA16E51FE1FA990012323A /* Dish.swift in Sources */,
				4BAA7B731F6F3D2E008B34F4 /* Campus.swift in Sources */,
				4B1BF8891FB8E12B00956CF8 /* Meal.swift in Sources */,
				4B15AC0F20059E42007828E4 /* SaveStudentOperation.swift in Sources */,
				4B0BC47A1F6D891200A13F61 /* Font.swift in Sources */,
				4B938C1B1FEAC42E00339A20 /* Model.xcdatamodeld in Sources */,
				4B0BC4781F6D7F6F00A13F61 /* Color.swift in Sources */,
				4BE5A3B61F6C876F00C1B260 /* Cafeteria.swift in Sources */,
				4B15AC0E20059949007828E4 /* RUappShared.swift in Sources */,
				4B1BF8871FB8DF9300956CF8 /* UpdateMenuOperation.swift in Sources */,
				4BFBE09E1FB27E710072287A /* UpdateInstitutionListOperation.swift in Sources */,
				4B0CFB991F6B36860069C42B /* Institution.swift in Sources */,
				4B0CFB971F6B2A8F0069C42B /* URLRoute.swift in Sources */,
				4B5D91081F76AEAC00F3B5AC /* JSON.swift in Sources */,
				4B0CFB4D1F69E9360069C42B /* Student.swift in Sources */,
			);
			runOnlyForDeploymentPostprocessing = 0;
		};
		4BDBB1C51F69BAC3007900EC /* Sources */ = {
			isa = PBXSourcesBuildPhase;
			buildActionMask = 2147483647;
			files = (
				4BF2412F1F7087B900656BCD /* CoreDataTests.swift in Sources */,
				4BF241321F708F6700656BCD /* Helpers.swift in Sources */,
				4BDBB1CC1F69BAC3007900EC /* JSONTests.swift in Sources */,
			);
			runOnlyForDeploymentPostprocessing = 0;
		};
/* End PBXSourcesBuildPhase section */

/* Begin PBXTargetDependency section */
		4B0606041F69B778000ACE59 /* PBXTargetDependency */ = {
			isa = PBXTargetDependency;
			target = 4B0605FD1F69B778000ACE59 /* RUappShared-iOS */;
			targetProxy = 4B0606031F69B778000ACE59 /* PBXContainerItemProxy */;
		};
		4BDBB1D01F69BAC3007900EC /* PBXTargetDependency */ = {
			isa = PBXTargetDependency;
			target = 4B0605FD1F69B778000ACE59 /* RUappShared-iOS */;
			targetProxy = 4BDBB1CF1F69BAC3007900EC /* PBXContainerItemProxy */;
		};
/* End PBXTargetDependency section */

/* Begin PBXVariantGroup section */
		4B0605ED1F69B715000ACE59 /* Main.storyboard */ = {
			isa = PBXVariantGroup;
			children = (
				4B0605EE1F69B715000ACE59 /* Base */,
			);
			name = Main.storyboard;
			sourceTree = "<group>";
		};
		4B0605F21F69B715000ACE59 /* LaunchScreen.storyboard */ = {
			isa = PBXVariantGroup;
			children = (
				4B0605F31F69B715000ACE59 /* Base */,
			);
			name = LaunchScreen.storyboard;
			sourceTree = "<group>";
		};
/* End PBXVariantGroup section */

/* Begin XCBuildConfiguration section */
		4B0605E01F69B5D0000ACE59 /* Debug */ = {
			isa = XCBuildConfiguration;
			buildSettings = {
				ALWAYS_SEARCH_USER_PATHS = NO;
				CLANG_ANALYZER_NONNULL = YES;
				CLANG_ANALYZER_NUMBER_OBJECT_CONVERSION = YES_AGGRESSIVE;
				CLANG_ENABLE_MODULES = YES;
				CLANG_ENABLE_OBJC_ARC = YES;
				CLANG_WARN_BLOCK_CAPTURE_AUTORELEASING = YES;
				CLANG_WARN_BOOL_CONVERSION = YES;
				CLANG_WARN_COMMA = YES;
				CLANG_WARN_CONSTANT_CONVERSION = YES;
				CLANG_WARN_DIRECT_OBJC_ISA_USAGE = YES_ERROR;
				CLANG_WARN_DOCUMENTATION_COMMENTS = YES;
				CLANG_WARN_EMPTY_BODY = YES;
				CLANG_WARN_ENUM_CONVERSION = YES;
				CLANG_WARN_INFINITE_RECURSION = YES;
				CLANG_WARN_INT_CONVERSION = YES;
				CLANG_WARN_NON_LITERAL_NULL_CONVERSION = YES;
				CLANG_WARN_OBJC_LITERAL_CONVERSION = YES;
				CLANG_WARN_OBJC_ROOT_CLASS = YES_ERROR;
				CLANG_WARN_RANGE_LOOP_ANALYSIS = YES;
				CLANG_WARN_STRICT_PROTOTYPES = YES;
				CLANG_WARN_SUSPICIOUS_MOVE = YES;
				CLANG_WARN_UNGUARDED_AVAILABILITY = YES_AGGRESSIVE;
				CLANG_WARN_UNREACHABLE_CODE = YES;
				CLANG_WARN__DUPLICATE_METHOD_MATCH = YES;
				COPY_PHASE_STRIP = NO;
				CURRENT_PROJECT_VERSION = 1;
				DEBUG_INFORMATION_FORMAT = dwarf;
				DEVELOPMENT_TEAM = 2CPJD7ENY9;
				ENABLE_STRICT_OBJC_MSGSEND = YES;
				ENABLE_TESTABILITY = YES;
				GCC_NO_COMMON_BLOCKS = YES;
				GCC_OPTIMIZATION_LEVEL = 0;
				GCC_PREPROCESSOR_DEFINITIONS = "DEBUG=1";
				GCC_WARN_64_TO_32_BIT_CONVERSION = YES;
				GCC_WARN_ABOUT_MISSING_NEWLINE = YES;
				GCC_WARN_ABOUT_RETURN_TYPE = YES_ERROR;
				GCC_WARN_UNDECLARED_SELECTOR = YES;
				GCC_WARN_UNINITIALIZED_AUTOS = YES_AGGRESSIVE;
				GCC_WARN_UNUSED_FUNCTION = YES;
				GCC_WARN_UNUSED_VARIABLE = YES;
				IPHONEOS_DEPLOYMENT_TARGET = 9.0;
				MACOSX_DEPLOYMENT_TARGET = 10.11;
				MTL_ENABLE_DEBUG_INFO = YES;
				ONLY_ACTIVE_ARCH = YES;
				SWIFT_ACTIVE_COMPILATION_CONDITIONS = DEBUG;
				SWIFT_OPTIMIZATION_LEVEL = "-Onone";
				SWIFT_VERSION = 4.0;
				TVOS_DEPLOYMENT_TARGET = 9.0;
				VERSIONING_SYSTEM = "apple-generic";
				WATCHOS_DEPLOYMENT_TARGET = 2.0;
			};
			name = Debug;
		};
		4B0605E11F69B5D0000ACE59 /* Release */ = {
			isa = XCBuildConfiguration;
			buildSettings = {
				ALWAYS_SEARCH_USER_PATHS = NO;
				CLANG_ANALYZER_NONNULL = YES;
				CLANG_ANALYZER_NUMBER_OBJECT_CONVERSION = YES_AGGRESSIVE;
				CLANG_ENABLE_MODULES = YES;
				CLANG_ENABLE_OBJC_ARC = YES;
				CLANG_WARN_BLOCK_CAPTURE_AUTORELEASING = YES;
				CLANG_WARN_BOOL_CONVERSION = YES;
				CLANG_WARN_COMMA = YES;
				CLANG_WARN_CONSTANT_CONVERSION = YES;
				CLANG_WARN_DIRECT_OBJC_ISA_USAGE = YES_ERROR;
				CLANG_WARN_DOCUMENTATION_COMMENTS = YES;
				CLANG_WARN_EMPTY_BODY = YES;
				CLANG_WARN_ENUM_CONVERSION = YES;
				CLANG_WARN_INFINITE_RECURSION = YES;
				CLANG_WARN_INT_CONVERSION = YES;
				CLANG_WARN_NON_LITERAL_NULL_CONVERSION = YES;
				CLANG_WARN_OBJC_LITERAL_CONVERSION = YES;
				CLANG_WARN_OBJC_ROOT_CLASS = YES_ERROR;
				CLANG_WARN_RANGE_LOOP_ANALYSIS = YES;
				CLANG_WARN_STRICT_PROTOTYPES = YES;
				CLANG_WARN_SUSPICIOUS_MOVE = YES;
				CLANG_WARN_UNGUARDED_AVAILABILITY = YES_AGGRESSIVE;
				CLANG_WARN_UNREACHABLE_CODE = YES;
				CLANG_WARN__DUPLICATE_METHOD_MATCH = YES;
				COPY_PHASE_STRIP = NO;
				CURRENT_PROJECT_VERSION = 1;
				DEVELOPMENT_TEAM = 2CPJD7ENY9;
				ENABLE_NS_ASSERTIONS = NO;
				ENABLE_STRICT_OBJC_MSGSEND = YES;
				GCC_NO_COMMON_BLOCKS = YES;
				GCC_WARN_64_TO_32_BIT_CONVERSION = YES;
				GCC_WARN_ABOUT_MISSING_NEWLINE = YES;
				GCC_WARN_ABOUT_RETURN_TYPE = YES_ERROR;
				GCC_WARN_UNDECLARED_SELECTOR = YES;
				GCC_WARN_UNINITIALIZED_AUTOS = YES_AGGRESSIVE;
				GCC_WARN_UNUSED_FUNCTION = YES;
				GCC_WARN_UNUSED_VARIABLE = YES;
				IPHONEOS_DEPLOYMENT_TARGET = 9.0;
				MACOSX_DEPLOYMENT_TARGET = 10.11;
				MTL_ENABLE_DEBUG_INFO = NO;
				SWIFT_OPTIMIZATION_LEVEL = "-Owholemodule";
				SWIFT_VERSION = 4.0;
				TVOS_DEPLOYMENT_TARGET = 9.0;
				VALIDATE_PRODUCT = YES;
				VERSIONING_SYSTEM = "apple-generic";
				WATCHOS_DEPLOYMENT_TARGET = 2.0;
			};
			name = Release;
		};
		4B0605F61F69B715000ACE59 /* Debug */ = {
			isa = XCBuildConfiguration;
			baseConfigurationReference = CDE09779283A729797B14C3B /* Pods-RUapp-iOS.debug.xcconfig */;
			buildSettings = {
				ASSETCATALOG_COMPILER_APPICON_NAME = AppIcon;
				CODE_SIGN_ENTITLEMENTS = "RUapp-iOS/RUapp-iOS.entitlements";
				CODE_SIGN_IDENTITY = "iPhone Developer";
				INFOPLIST_FILE = "RUapp-iOS/Info.plist";
				LD_RUNPATH_SEARCH_PATHS = "$(inherited) @executable_path/Frameworks";
				PRODUCT_BUNDLE_IDENTIFIER = com.bit2software.RUapp;
				PRODUCT_NAME = "$(TARGET_NAME)";
				SDKROOT = iphoneos;
				TARGETED_DEVICE_FAMILY = "1,2";
			};
			name = Debug;
		};
		4B0605F71F69B715000ACE59 /* Release */ = {
			isa = XCBuildConfiguration;
			baseConfigurationReference = A4822FE028DD910FF19CCA01 /* Pods-RUapp-iOS.release.xcconfig */;
			buildSettings = {
				ASSETCATALOG_COMPILER_APPICON_NAME = AppIcon;
				CODE_SIGN_ENTITLEMENTS = "RUapp-iOS/RUapp-iOS.entitlements";
				CODE_SIGN_IDENTITY = "iPhone Distribution";
				INFOPLIST_FILE = "RUapp-iOS/Info.plist";
				LD_RUNPATH_SEARCH_PATHS = "$(inherited) @executable_path/Frameworks";
				PRODUCT_BUNDLE_IDENTIFIER = com.bit2software.RUapp;
				PRODUCT_NAME = "$(TARGET_NAME)";
				SDKROOT = iphoneos;
				TARGETED_DEVICE_FAMILY = "1,2";
			};
			name = Release;
		};
		4B0606081F69B778000ACE59 /* Debug */ = {
			isa = XCBuildConfiguration;
			baseConfigurationReference = FE4EB0F72BDFD9C67B3AB0AF /* Pods-RUappShared-iOS.debug.xcconfig */;
			buildSettings = {
				APPLICATION_EXTENSION_API_ONLY = YES;
				DEFINES_MODULE = YES;
				DYLIB_COMPATIBILITY_VERSION = 1;
				DYLIB_CURRENT_VERSION = 1;
				DYLIB_INSTALL_NAME_BASE = "@rpath";
				INFOPLIST_FILE = RUappShared/Info.plist;
				INSTALL_PATH = "$(LOCAL_LIBRARY_DIR)/Frameworks";
				LD_RUNPATH_SEARCH_PATHS = "$(inherited) @executable_path/Frameworks @loader_path/Frameworks";
				PRODUCT_BUNDLE_IDENTIFIER = technology.bit2.ruapp.shared;
				PRODUCT_NAME = RUappShared;
				SDKROOT = iphoneos;
				SKIP_INSTALL = YES;
				TARGETED_DEVICE_FAMILY = "1,2";
			};
			name = Debug;
		};
		4B0606091F69B778000ACE59 /* Release */ = {
			isa = XCBuildConfiguration;
			baseConfigurationReference = 6F0E4C459591D803C549883F /* Pods-RUappShared-iOS.release.xcconfig */;
			buildSettings = {
				APPLICATION_EXTENSION_API_ONLY = YES;
				DEFINES_MODULE = YES;
				DYLIB_COMPATIBILITY_VERSION = 1;
				DYLIB_CURRENT_VERSION = 1;
				DYLIB_INSTALL_NAME_BASE = "@rpath";
				INFOPLIST_FILE = RUappShared/Info.plist;
				INSTALL_PATH = "$(LOCAL_LIBRARY_DIR)/Frameworks";
				LD_RUNPATH_SEARCH_PATHS = "$(inherited) @executable_path/Frameworks @loader_path/Frameworks";
				PRODUCT_BUNDLE_IDENTIFIER = technology.bit2.ruapp.shared;
				PRODUCT_NAME = RUappShared;
				SDKROOT = iphoneos;
				SKIP_INSTALL = YES;
				TARGETED_DEVICE_FAMILY = "1,2";
			};
			name = Release;
		};
		4BDBB1D21F69BAC3007900EC /* Debug */ = {
			isa = XCBuildConfiguration;
			baseConfigurationReference = 1371EF462BB48C95ED3713D0 /* Pods-RUappSharedTests-iOS.debug.xcconfig */;
			buildSettings = {
				INFOPLIST_FILE = RUappSharedTests/Info.plist;
				LD_RUNPATH_SEARCH_PATHS = "$(inherited) @executable_path/Frameworks @loader_path/Frameworks";
				PRODUCT_BUNDLE_IDENTIFIER = technology.bit2.ruapp.shared.tests;
				PRODUCT_NAME = "$(TARGET_NAME)";
				SDKROOT = iphoneos;
				TARGETED_DEVICE_FAMILY = "1,2";
			};
			name = Debug;
		};
		4BDBB1D31F69BAC3007900EC /* Release */ = {
			isa = XCBuildConfiguration;
			baseConfigurationReference = 426D753F2F96146900EEBF61 /* Pods-RUappSharedTests-iOS.release.xcconfig */;
			buildSettings = {
				INFOPLIST_FILE = RUappSharedTests/Info.plist;
				LD_RUNPATH_SEARCH_PATHS = "$(inherited) @executable_path/Frameworks @loader_path/Frameworks";
				PRODUCT_BUNDLE_IDENTIFIER = technology.bit2.ruapp.shared.tests;
				PRODUCT_NAME = "$(TARGET_NAME)";
				SDKROOT = iphoneos;
				TARGETED_DEVICE_FAMILY = "1,2";
			};
			name = Release;
		};
/* End XCBuildConfiguration section */

/* Begin XCConfigurationList section */
		4B0605DF1F69B5D0000ACE59 /* Build configuration list for PBXProject "RUapp" */ = {
			isa = XCConfigurationList;
			buildConfigurations = (
				4B0605E01F69B5D0000ACE59 /* Debug */,
				4B0605E11F69B5D0000ACE59 /* Release */,
			);
			defaultConfigurationIsVisible = 0;
			defaultConfigurationName = Release;
		};
		4B0605F81F69B715000ACE59 /* Build configuration list for PBXNativeTarget "RUapp-iOS" */ = {
			isa = XCConfigurationList;
			buildConfigurations = (
				4B0605F61F69B715000ACE59 /* Debug */,
				4B0605F71F69B715000ACE59 /* Release */,
			);
			defaultConfigurationIsVisible = 0;
			defaultConfigurationName = Release;
		};
		4B0606071F69B778000ACE59 /* Build configuration list for PBXNativeTarget "RUappShared-iOS" */ = {
			isa = XCConfigurationList;
			buildConfigurations = (
				4B0606081F69B778000ACE59 /* Debug */,
				4B0606091F69B778000ACE59 /* Release */,
			);
			defaultConfigurationIsVisible = 0;
			defaultConfigurationName = Release;
		};
		4BDBB1D11F69BAC3007900EC /* Build configuration list for PBXNativeTarget "RUappSharedTests-iOS" */ = {
			isa = XCConfigurationList;
			buildConfigurations = (
				4BDBB1D21F69BAC3007900EC /* Debug */,
				4BDBB1D31F69BAC3007900EC /* Release */,
			);
			defaultConfigurationIsVisible = 0;
			defaultConfigurationName = Release;
		};
/* End XCConfigurationList section */

/* Begin XCVersionGroup section */
		4B938C191FEAC42E00339A20 /* Model.xcdatamodeld */ = {
			isa = XCVersionGroup;
			children = (
				4B938C1A1FEAC42E00339A20 /* Model.xcdatamodel */,
			);
			currentVersion = 4B938C1A1FEAC42E00339A20 /* Model.xcdatamodel */;
			path = Model.xcdatamodeld;
			sourceTree = "<group>";
			versionGroupType = wrapper.xcdatamodel;
		};
/* End XCVersionGroup section */
	};
	rootObject = 4B0605DC1F69B5D0000ACE59 /* Project object */;
}
