// !$*UTF8*$!
{
	archiveVersion = 1;
	classes = {
	};
	objectVersion = 48;
	objects = {

/* Begin PBXFileReference section */
		4B9C1BF8202383D30003EA7A /* README.md */ = {isa = PBXFileReference; lastKnownFileType = net.daringfireball.markdown; path = README.md; sourceTree = "<group>"; };
/* End PBXFileReference section */

/* Begin PBXGroup section */
		4B9C1BF1202382750003EA7A = {
			isa = PBXGroup;
			children = (
				4B9C1BF8202383D30003EA7A /* README.md */,
			);
			sourceTree = "<group>";
		};
/* End PBXGroup section */

/* Begin PBXProject section */
		4B9C1BF2202382750003EA7A /* Project object */ = {
			isa = PBXProject;
			attributes = {
				LastUpgradeCheck = 0930;
				ORGANIZATIONNAME = "Bit2 Technology";
			};
			buildConfigurationList = 4B9C1BF5202382750003EA7A /* Build configuration list for PBXProject "RUapp" */;
			compatibilityVersion = "Xcode 8.0";
			developmentRegion = en;
			hasScannedForEncodings = 0;
			knownRegions = (
				en,
			);
			mainGroup = 4B9C1BF1202382750003EA7A;
			projectDirPath = "";
			projectRoot = "";
			targets = (
			);
		};
/* End PBXProject section */

/* Begin XCBuildConfiguration section */
		4B9C1BF6202382750003EA7A /* Debug */ = {
			isa = XCBuildConfiguration;
			buildSettings = {
			};
			name = Debug;
		};
		4B9C1BF7202382750003EA7A /* Release */ = {
			isa = XCBuildConfiguration;
			buildSettings = {
			};
			name = Release;
		};
/* End XCBuildConfiguration section */

/* Begin XCConfigurationList section */
		4B9C1BF5202382750003EA7A /* Build configuration list for PBXProject "RUapp" */ = {
			isa = XCConfigurationList;
			buildConfigurations = (
				4B9C1BF6202382750003EA7A /* Debug */,
				4B9C1BF7202382750003EA7A /* Release */,
			);
			defaultConfigurationIsVisible = 0;
			defaultConfigurationName = Release;
		};
/* End XCConfigurationList section */
	};
	rootObject = 4B9C1BF2202382750003EA7A /* Project object */;
}
