// !$*UTF8*$!
{
	archiveVersion = 1;
	classes = {
	};
	objectVersion = 48;
	objects = {

/* Begin PBXGroup section */
		4BFCD7BA2045DEA200B4A71B = {
			isa = PBXGroup;
			children = (
			);
			indentWidth = 2;
			sourceTree = "<group>";
			tabWidth = 2;
		};
/* End PBXGroup section */

/* Begin PBXProject section */
		4BFCD7BB2045DEA200B4A71B /* Project object */ = {
			isa = PBXProject;
			attributes = {
				LastUpgradeCheck = 0920;
				ORGANIZATIONNAME = "Bit2 Technology";
			};
			buildConfigurationList = 4BFCD7BE2045DEA200B4A71B /* Build configuration list for PBXProject "RUapp" */;
			compatibilityVersion = "Xcode 8.0";
			developmentRegion = en;
			hasScannedForEncodings = 0;
			knownRegions = (
				en,
			);
			mainGroup = 4BFCD7BA2045DEA200B4A71B;
			projectDirPath = "";
			projectRoot = "";
			targets = (
			);
		};
/* End PBXProject section */

/* Begin XCBuildConfiguration section */
		4BFCD7BF2045DEA200B4A71B /* Debug */ = {
			isa = XCBuildConfiguration;
			buildSettings = {
			};
			name = Debug;
		};
		4BFCD7C02045DEA200B4A71B /* Release */ = {
			isa = XCBuildConfiguration;
			buildSettings = {
			};
			name = Release;
		};
/* End XCBuildConfiguration section */

/* Begin XCConfigurationList section */
		4BFCD7BE2045DEA200B4A71B /* Build configuration list for PBXProject "RUapp" */ = {
			isa = XCConfigurationList;
			buildConfigurations = (
				4BFCD7BF2045DEA200B4A71B /* Debug */,
				4BFCD7C02045DEA200B4A71B /* Release */,
			);
			defaultConfigurationIsVisible = 0;
			defaultConfigurationName = Release;
		};
/* End XCConfigurationList section */
	};
	rootObject = 4BFCD7BB2045DEA200B4A71B /* Project object */;
}
